
Microsoft Visual Studio Solution File, Format Version 12.00
# Visual Studio Version 17
VisualStudioVersion = 17.7.34018.315
MinimumVisualStudioVersion = 10.0.40219.1
Project("{9A19103F-16F7-4668-BE54-9A1E7A4F7556}") = "XPTesteTecnico", "XPTesteTecnico.csproj", "{8FD50B7B-0130-4B4A-AA70-997BF6B95D67}"
EndProject
Project("{FAE04EC0-301F-11D3-BF4B-00C04F79EFBC}") = "Tests.XPTesteTecnico", "..\Tests.XPTesteTecnico\Tests.XPTesteTecnico.csproj", "{807AE901-C9BB-4FDE-95A2-0BDA111AF52C}"
EndProject
Global
	GlobalSection(SolutionConfigurationPlatforms) = preSolution
		Debug|Any CPU = Debug|Any CPU
		Release|Any CPU = Release|Any CPU
	EndGlobalSection
	GlobalSection(ProjectConfigurationPlatforms) = postSolution
		{8FD50B7B-0130-4B4A-AA70-997BF6B95D67}.Debug|Any CPU.ActiveCfg = Debug|Any CPU
		{8FD50B7B-0130-4B4A-AA70-997BF6B95D67}.Debug|Any CPU.Build.0 = Debug|Any CPU
		{8FD50B7B-0130-4B4A-AA70-997BF6B95D67}.Release|Any CPU.ActiveCfg = Release|Any CPU
		{8FD50B7B-0130-4B4A-AA70-997BF6B95D67}.Release|Any CPU.Build.0 = Release|Any CPU
		{807AE901-C9BB-4FDE-95A2-0BDA111AF52C}.Debug|Any CPU.ActiveCfg = Debug|Any CPU
		{807AE901-C9BB-4FDE-95A2-0BDA111AF52C}.Debug|Any CPU.Build.0 = Debug|Any CPU
		{807AE901-C9BB-4FDE-95A2-0BDA111AF52C}.Release|Any CPU.ActiveCfg = Release|Any CPU
		{807AE901-C9BB-4FDE-95A2-0BDA111AF52C}.Release|Any CPU.Build.0 = Release|Any CPU
	EndGlobalSection
	GlobalSection(SolutionProperties) = preSolution
		HideSolutionNode = FALSE
	EndGlobalSection
	GlobalSection(ExtensibilityGlobals) = postSolution
		SolutionGuid = {1CFCBD74-8B37-4958-8D28-588498EA8CC1}
	EndGlobalSection
EndGlobal
